{
  "version": 4,
  "terraform_version": "1.8.3",
  "serial": 1,
  "lineage": "0e57cc03-c796-fd32-c1b5-b7653a80f091",
  "outputs": {},
  "resources": [
    {
      "mode": "managed",
      "type": "spotify_playlist",
      "name": "Tollywood",
      "provider": "provider[\"registry.terraform.io/conradludgate/spotify\"]",
      "instances": [
        {
          "schema_version": 0,
          "attributes": {
            "description": null,
            "id": "2LnOiWJze4MransA3rA6r4",
            "name": "Tollywood",
            "public": true,
            "snapshot_id": "AAAAApUmbu6n+hBld4irz2kcLblw+1OE",
            "tracks": [
              "3WqQkDTab7sYjRX9Uf7mqr"
            ]
          },
          "sensitive_attributes": [],
          "private": "bnVsbA=="
        }
      ]
    }
  ],
  "check_results": null
}
